
Microsoft Visual Studio Solution File, Format Version 12.00
# Visual Studio Version 17
VisualStudioVersion = 17.2.32516.85
MinimumVisualStudioVersion = 10.0.40219.1
Project("{FAE04EC0-301F-11D3-BF4B-00C04F79EFBC}") = "Activity 15", "Activity 15\Activity 15.csproj", "{5BC0DB16-9725-4722-BFA7-E44619323B48}"
EndProject
Global
	GlobalSection(SolutionConfigurationPlatforms) = preSolution
		Debug|Any CPU = Debug|Any CPU
		Release|Any CPU = Release|Any CPU
	EndGlobalSection
	GlobalSection(ProjectConfigurationPlatforms) = postSolution
		{5BC0DB16-9725-4722-BFA7-E44619323B48}.Debug|Any CPU.ActiveCfg = Debug|Any CPU
		{5BC0DB16-9725-4722-BFA7-E44619323B48}.Debug|Any CPU.Build.0 = Debug|Any CPU
		{5BC0DB16-9725-4722-BFA7-E44619323B48}.Release|Any CPU.ActiveCfg = Release|Any CPU
		{5BC0DB16-9725-4722-BFA7-E44619323B48}.Release|Any CPU.Build.0 = Release|Any CPU
	EndGlobalSection
	GlobalSection(SolutionProperties) = preSolution
		HideSolutionNode = FALSE
	EndGlobalSection
	GlobalSection(ExtensibilityGlobals) = postSolution
		SolutionGuid = {ABAAC2E4-F337-4660-9076-DFF6915EB717}
	EndGlobalSection
EndGlobal
